// !$*UTF8*$!
{
	archiveVersion = 1;
	classes = {
	};
	objectVersion = 50;
	objects = {

/* Begin PBXBuildFile section */
		FF3B7BA8248AC41300E56FDB /* AppDelegate.swift in Sources */ = {isa = PBXBuildFile; fileRef = FF3B7BA7248AC41300E56FDB /* AppDelegate.swift */; };
		FF3B7BAA248AC41300E56FDB /* SceneDelegate.swift in Sources */ = {isa = PBXBuildFile; fileRef = FF3B7BA9248AC41300E56FDB /* SceneDelegate.swift */; };
		FF3B7BAC248AC41300E56FDB /* ViewController.swift in Sources */ = {isa = PBXBuildFile; fileRef = FF3B7BAB248AC41300E56FDB /* ViewController.swift */; };
		FF3B7BAF248AC41300E56FDB /* Main.storyboard in Resources */ = {isa = PBXBuildFile; fileRef = FF3B7BAD248AC41300E56FDB /* Main.storyboard */; };
		FF3B7BB2248AC41300E56FDB /* MySteps.xcdatamodeld in Sources */ = {isa = PBXBuildFile; fileRef = FF3B7BB0248AC41300E56FDB /* MySteps.xcdatamodeld */; };
		FF3B7BB4248AC41400E56FDB /* Assets.xcassets in Resources */ = {isa = PBXBuildFile; fileRef = FF3B7BB3248AC41400E56FDB /* Assets.xcassets */; };
		FF3B7BB7248AC41400E56FDB /* LaunchScreen.storyboard in Resources */ = {isa = PBXBuildFile; fileRef = FF3B7BB5248AC41400E56FDB /* LaunchScreen.storyboard */; };
/* End PBXBuildFile section */

/* Begin PBXFileReference section */
		FF3B7BA4248AC41300E56FDB /* MySteps.app */ = {isa = PBXFileReference; explicitFileType = wrapper.application; includeInIndex = 0; path = MySteps.app; sourceTree = BUILT_PRODUCTS_DIR; };
		FF3B7BA7248AC41300E56FDB /* AppDelegate.swift */ = {isa = PBXFileReference; lastKnownFileType = sourcecode.swift; path = AppDelegate.swift; sourceTree = "<group>"; };
		FF3B7BA9248AC41300E56FDB /* SceneDelegate.swift */ = {isa = PBXFileReference; lastKnownFileType = sourcecode.swift; path = SceneDelegate.swift; sourceTree = "<group>"; };
		FF3B7BAB248AC41300E56FDB /* ViewController.swift */ = {isa = PBXFileReference; lastKnownFileType = sourcecode.swift; path = ViewController.swift; sourceTree = "<group>"; };
		FF3B7BAE248AC41300E56FDB /* Base */ = {isa = PBXFileReference; lastKnownFileType = file.storyboard; name = Base; path = Base.lproj/Main.storyboard; sourceTree = "<group>"; };
		FF3B7BB1248AC41300E56FDB /* MySteps.xcdatamodel */ = {isa = PBXFileReference; lastKnownFileType = wrapper.xcdatamodel; path = MySteps.xcdatamodel; sourceTree = "<group>"; };
		FF3B7BB3248AC41400E56FDB /* Assets.xcassets */ = {isa = PBXFileReference; lastKnownFileType = folder.assetcatalog; path = Assets.xcassets; sourceTree = "<group>"; };
		FF3B7BB6248AC41400E56FDB /* Base */ = {isa = PBXFileReference; lastKnownFileType = file.storyboard; name = Base; path = Base.lproj/LaunchScreen.storyboard; sourceTree = "<group>"; };
		FF3B7BB8248AC41400E56FDB /* Info.plist */ = {isa = PBXFileReference; lastKnownFileType = text.plist.xml; path = Info.plist; sourceTree = "<group>"; };
/* End PBXFileReference section */

/* Begin PBXFrameworksBuildPhase section */
		FF3B7BA1248AC41300E56FDB /* Frameworks */ = {
			isa = PBXFrameworksBuildPhase;
			buildActionMask = 2147483647;
			files = (
			);
			runOnlyForDeploymentPostprocessing = 0;
		};
/* End PBXFrameworksBuildPhase section */

/* Begin PBXGroup section */
		FF3B7B9B248AC41300E56FDB = {
			isa = PBXGroup;
			children = (
				FF3B7BA6248AC41300E56FDB /* MySteps */,
				FF3B7BA5248AC41300E56FDB /* Products */,
			);
			sourceTree = "<group>";
		};
		FF3B7BA5248AC41300E56FDB /* Products */ = {
			isa = PBXGroup;
			children = (
				FF3B7BA4248AC41300E56FDB /* MySteps.app */,
			);
			name = Products;
			sourceTree = "<group>";
		};
		FF3B7BA6248AC41300E56FDB /* MySteps */ = {
			isa = PBXGroup;
			children = (
				FF3B7BA7248AC41300E56FDB /* AppDelegate.swift */,
				FF3B7BA9248AC41300E56FDB /* SceneDelegate.swift */,
				FF3B7BAB248AC41300E56FDB /* ViewController.swift */,
				FF3B7BAD248AC41300E56FDB /* Main.storyboard */,
				FF3B7BB3248AC41400E56FDB /* Assets.xcassets */,
				FF3B7BB5248AC41400E56FDB /* LaunchScreen.storyboard */,
				FF3B7BB8248AC41400E56FDB /* Info.plist */,
				FF3B7BB0248AC41300E56FDB /* MySteps.xcdatamodeld */,
			);
			path = MySteps;
			sourceTree = "<group>";
		};
/* End PBXGroup section */

/* Begin PBXNativeTarget section */
		FF3B7BA3248AC41300E56FDB /* MySteps */ = {
			isa = PBXNativeTarget;
			buildConfigurationList = FF3B7BBB248AC41500E56FDB /* Build configuration list for PBXNativeTarget "MySteps" */;
			buildPhases = (
				FF3B7BA0248AC41300E56FDB /* Sources */,
				FF3B7BA1248AC41300E56FDB /* Frameworks */,
				FF3B7BA2248AC41300E56FDB /* Resources */,
			);
			buildRules = (
			);
			dependencies = (
			);
			name = MySteps;
			productName = MySteps;
			productReference = FF3B7BA4248AC41300E56FDB /* MySteps.app */;
			productType = "com.apple.product-type.application";
		};
/* End PBXNativeTarget section */

/* Begin PBXProject section */
		FF3B7B9C248AC41300E56FDB /* Project object */ = {
			isa = PBXProject;
			attributes = {
				LastSwiftUpdateCheck = 1150;
				LastUpgradeCheck = 1150;
				ORGANIZATIONNAME = "ATi Soft";
				TargetAttributes = {
					FF3B7BA3248AC41300E56FDB = {
						CreatedOnToolsVersion = 11.5;
					};
				};
			};
			buildConfigurationList = FF3B7B9F248AC41300E56FDB /* Build configuration list for PBXProject "MySteps" */;
			compatibilityVersion = "Xcode 9.3";
			developmentRegion = en;
			hasScannedForEncodings = 0;
			knownRegions = (
				en,
				Base,
			);
			mainGroup = FF3B7B9B248AC41300E56FDB;
			productRefGroup = FF3B7BA5248AC41300E56FDB /* Products */;
			projectDirPath = "";
			projectRoot = "";
			targets = (
				FF3B7BA3248AC41300E56FDB /* MySteps */,
			);
		};
/* End PBXProject section */

/* Begin PBXResourcesBuildPhase section */
		FF3B7BA2248AC41300E56FDB /* Resources */ = {
			isa = PBXResourcesBuildPhase;
			buildActionMask = 2147483647;
			files = (
				FF3B7BB7248AC41400E56FDB /* LaunchScreen.storyboard in Resources */,
				FF3B7BB4248AC41400E56FDB /* Assets.xcassets in Resources */,
				FF3B7BAF248AC41300E56FDB /* Main.storyboard in Resources */,
			);
			runOnlyForDeploymentPostprocessing = 0;
		};
/* End PBXResourcesBuildPhase section */

/* Begin PBXSourcesBuildPhase section */
		FF3B7BA0248AC41300E56FDB /* Sources */ = {
			isa = PBXSourcesBuildPhase;
			buildActionMask = 2147483647;
			files = (
				FF3B7BAC248AC41300E56FDB /* ViewController.swift in Sources */,
				FF3B7BB2248AC41300E56FDB /* MySteps.xcdatamodeld in Sources */,
				FF3B7BA8248AC41300E56FDB /* AppDelegate.swift in Sources */,
				FF3B7BAA248AC41300E56FDB /* SceneDelegate.swift in Sources */,
			);
			runOnlyForDeploymentPostprocessing = 0;
		};
/* End PBXSourcesBuildPhase section */

/* Begin PBXVariantGroup section */
		FF3B7BAD248AC41300E56FDB /* Main.storyboard */ = {
			isa = PBXVariantGroup;
			children = (
				FF3B7BAE248AC41300E56FDB /* Base */,
			);
			name = Main.storyboard;
			sourceTree = "<group>";
		};
		FF3B7BB5248AC41400E56FDB /* LaunchScreen.storyboard */ = {
			isa = PBXVariantGroup;
			children = (
				FF3B7BB6248AC41400E56FDB /* Base */,
			);
			name = LaunchScreen.storyboard;
			sourceTree = "<group>";
		};
/* End PBXVariantGroup section */

/* Begin XCBuildConfiguration section */
		FF3B7BB9248AC41400E56FDB /* Debug */ = {
			isa = XCBuildConfiguration;
			buildSettings = {
				ALWAYS_SEARCH_USER_PATHS = NO;
				CLANG_ANALYZER_NONNULL = YES;
				CLANG_ANALYZER_NUMBER_OBJECT_CONVERSION = YES_AGGRESSIVE;
				CLANG_CXX_LANGUAGE_STANDARD = "gnu++14";
				CLANG_CXX_LIBRARY = "libc++";
				CLANG_ENABLE_MODULES = YES;
				CLANG_ENABLE_OBJC_ARC = YES;
				CLANG_ENABLE_OBJC_WEAK = YES;
				CLANG_WARN_BLOCK_CAPTURE_AUTORELEASING = YES;
				CLANG_WARN_BOOL_CONVERSION = YES;
				CLANG_WARN_COMMA = YES;
				CLANG_WARN_CONSTANT_CONVERSION = YES;
				CLANG_WARN_DEPRECATED_OBJC_IMPLEMENTATIONS = YES;
				CLANG_WARN_DIRECT_OBJC_ISA_USAGE = YES_ERROR;
				CLANG_WARN_DOCUMENTATION_COMMENTS = YES;
				CLANG_WARN_EMPTY_BODY = YES;
				CLANG_WARN_ENUM_CONVERSION = YES;
				CLANG_WARN_INFINITE_RECURSION = YES;
				CLANG_WARN_INT_CONVERSION = YES;
				CLANG_WARN_NON_LITERAL_NULL_CONVERSION = YES;
				CLANG_WARN_OBJC_IMPLICIT_RETAIN_SELF = YES;
				CLANG_WARN_OBJC_LITERAL_CONVERSION = YES;
				CLANG_WARN_OBJC_ROOT_CLASS = YES_ERROR;
				CLANG_WARN_RANGE_LOOP_ANALYSIS = YES;
				CLANG_WARN_STRICT_PROTOTYPES = YES;
				CLANG_WARN_SUSPICIOUS_MOVE = YES;
				CLANG_WARN_UNGUARDED_AVAILABILITY = YES_AGGRESSIVE;
				CLANG_WARN_UNREACHABLE_CODE = YES;
				CLANG_WARN__DUPLICATE_METHOD_MATCH = YES;
				COPY_PHASE_STRIP = NO;
				DEBUG_INFORMATION_FORMAT = dwarf;
				ENABLE_STRICT_OBJC_MSGSEND = YES;
				ENABLE_TESTABILITY = YES;
				GCC_C_LANGUAGE_STANDARD = gnu11;
				GCC_DYNAMIC_NO_PIC = NO;
				GCC_NO_COMMON_BLOCKS = YES;
				GCC_OPTIMIZATION_LEVEL = 0;
				GCC_PREPROCESSOR_DEFINITIONS = (
					"DEBUG=1",
					"$(inherited)",
				);
				GCC_WARN_64_TO_32_BIT_CONVERSION = YES;
				GCC_WARN_ABOUT_RETURN_TYPE = YES_ERROR;
				GCC_WARN_UNDECLARED_SELECTOR = YES;
				GCC_WARN_UNINITIALIZED_AUTOS = YES_AGGRESSIVE;
				GCC_WARN_UNUSED_FUNCTION = YES;
				GCC_WARN_UNUSED_VARIABLE = YES;
				IPHONEOS_DEPLOYMENT_TARGET = 13.0;
				MTL_ENABLE_DEBUG_INFO = INCLUDE_SOURCE;
				MTL_FAST_MATH = YES;
				ONLY_ACTIVE_ARCH = YES;
				SDKROOT = iphoneos;
				SWIFT_ACTIVE_COMPILATION_CONDITIONS = DEBUG;
				SWIFT_OPTIMIZATION_LEVEL = "-Onone";
			};
			name = Debug;
		};
		FF3B7BBA248AC41400E56FDB /* Release */ = {
			isa = XCBuildConfiguration;
			buildSettings = {
				ALWAYS_SEARCH_USER_PATHS = NO;
				CLANG_ANALYZER_NONNULL = YES;
				CLANG_ANALYZER_NUMBER_OBJECT_CONVERSION = YES_AGGRESSIVE;
				CLANG_CXX_LANGUAGE_STANDARD = "gnu++14";
				CLANG_CXX_LIBRARY = "libc++";
				CLANG_ENABLE_MODULES = YES;
				CLANG_ENABLE_OBJC_ARC = YES;
				CLANG_ENABLE_OBJC_WEAK = YES;
				CLANG_WARN_BLOCK_CAPTURE_AUTORELEASING = YES;
				CLANG_WARN_BOOL_CONVERSION = YES;
				CLANG_WARN_COMMA = YES;
				CLANG_WARN_CONSTANT_CONVERSION = YES;
				CLANG_WARN_DEPRECATED_OBJC_IMPLEMENTATIONS = YES;
				CLANG_WARN_DIRECT_OBJC_ISA_USAGE = YES_ERROR;
				CLANG_WARN_DOCUMENTATION_COMMENTS = YES;
				CLANG_WARN_EMPTY_BODY = YES;
				CLANG_WARN_ENUM_CONVERSION = YES;
				CLANG_WARN_INFINITE_RECURSION = YES;
				CLANG_WARN_INT_CONVERSION = YES;
				CLANG_WARN_NON_LITERAL_NULL_CONVERSION = YES;
				CLANG_WARN_OBJC_IMPLICIT_RETAIN_SELF = YES;
				CLANG_WARN_OBJC_LITERAL_CONVERSION = YES;
				CLANG_WARN_OBJC_ROOT_CLASS = YES_ERROR;
				CLANG_WARN_RANGE_LOOP_ANALYSIS = YES;
				CLANG_WARN_STRICT_PROTOTYPES = YES;
				CLANG_WARN_SUSPICIOUS_MOVE = YES;
				CLANG_WARN_UNGUARDED_AVAILABILITY = YES_AGGRESSIVE;
				CLANG_WARN_UNREACHABLE_CODE = YES;
				CLANG_WARN__DUPLICATE_METHOD_MATCH = YES;
				COPY_PHASE_STRIP = NO;
				DEBUG_INFORMATION_FORMAT = "dwarf-with-dsym";
				ENABLE_NS_ASSERTIONS = NO;
				ENABLE_STRICT_OBJC_MSGSEND = YES;
				GCC_C_LANGUAGE_STANDARD = gnu11;
				GCC_NO_COMMON_BLOCKS = YES;
				GCC_WARN_64_TO_32_BIT_CONVERSION = YES;
				GCC_WARN_ABOUT_RETURN_TYPE = YES_ERROR;
				GCC_WARN_UNDECLARED_SELECTOR = YES;
				GCC_WARN_UNINITIALIZED_AUTOS = YES_AGGRESSIVE;
				GCC_WARN_UNUSED_FUNCTION = YES;
				GCC_WARN_UNUSED_VARIABLE = YES;
				IPHONEOS_DEPLOYMENT_TARGET = 13.0;
				MTL_ENABLE_DEBUG_INFO = NO;
				MTL_FAST_MATH = YES;
				SDKROOT = iphoneos;
				SWIFT_COMPILATION_MODE = wholemodule;
				SWIFT_OPTIMIZATION_LEVEL = "-O";
				VALIDATE_PRODUCT = YES;
			};
			name = Release;
		};
		FF3B7BBC248AC41500E56FDB /* Debug */ = {
			isa = XCBuildConfiguration;
			buildSettings = {
				ASSETCATALOG_COMPILER_APPICON_NAME = AppIcon;
				CODE_SIGN_STYLE = Automatic;
				DEVELOPMENT_TEAM = 98W2A74UW7;
				INFOPLIST_FILE = MySteps/Info.plist;
				LD_RUNPATH_SEARCH_PATHS = (
					"$(inherited)",
					"@executable_path/Frameworks",
				);
				PRODUCT_BUNDLE_IDENTIFIER = "com.ati-soft.MySteps";
				PRODUCT_NAME = "$(TARGET_NAME)";
				SWIFT_VERSION = 5.0;
				TARGETED_DEVICE_FAMILY = 1;
			};
			name = Debug;
		};
		FF3B7BBD248AC41500E56FDB /* Release */ = {
			isa = XCBuildConfiguration;
			buildSettings = {
				ASSETCATALOG_COMPILER_APPICON_NAME = AppIcon;
				CODE_SIGN_STYLE = Automatic;
				DEVELOPMENT_TEAM = 98W2A74UW7;
				INFOPLIST_FILE = MySteps/Info.plist;
				LD_RUNPATH_SEARCH_PATHS = (
					"$(inherited)",
					"@executable_path/Frameworks",
				);
				PRODUCT_BUNDLE_IDENTIFIER = "com.ati-soft.MySteps";
				PRODUCT_NAME = "$(TARGET_NAME)";
				SWIFT_VERSION = 5.0;
				TARGETED_DEVICE_FAMILY = 1;
			};
			name = Release;
		};
/* End XCBuildConfiguration section */

/* Begin XCConfigurationList section */
		FF3B7B9F248AC41300E56FDB /* Build configuration list for PBXProject "MySteps" */ = {
			isa = XCConfigurationList;
			buildConfigurations = (
				FF3B7BB9248AC41400E56FDB /* Debug */,
				FF3B7BBA248AC41400E56FDB /* Release */,
			);
			defaultConfigurationIsVisible = 0;
			defaultConfigurationName = Release;
		};
		FF3B7BBB248AC41500E56FDB /* Build configuration list for PBXNativeTarget "MySteps" */ = {
			isa = XCConfigurationList;
			buildConfigurations = (
				FF3B7BBC248AC41500E56FDB /* Debug */,
				FF3B7BBD248AC41500E56FDB /* Release */,
			);
			defaultConfigurationIsVisible = 0;
			defaultConfigurationName = Release;
		};
/* End XCConfigurationList section */

/* Begin XCVersionGroup section */
		FF3B7BB0248AC41300E56FDB /* MySteps.xcdatamodeld */ = {
			isa = XCVersionGroup;
			children = (
				FF3B7BB1248AC41300E56FDB /* MySteps.xcdatamodel */,
			);
			currentVersion = FF3B7BB1248AC41300E56FDB /* MySteps.xcdatamodel */;
			path = MySteps.xcdatamodeld;
			sourceTree = "<group>";
			versionGroupType = wrapper.xcdatamodel;
		};
/* End XCVersionGroup section */
	};
	rootObject = FF3B7B9C248AC41300E56FDB /* Project object */;
}
