// !$*UTF8*$!
{
	archiveVersion = 1;
	classes = {
	};
	objectVersion = 51;
	objects = {

/* Begin PBXBuildFile section */
		60079AA7CE27B63EE979AA64 /* Pods_MySteps.framework in Frameworks */ = {isa = PBXBuildFile; fileRef = AEBC42CBC8C7B0A88DE3532A /* Pods_MySteps.framework */; };
		FF361A0F248BAE2A00E6DDA6 /* Localizable.strings in Resources */ = {isa = PBXBuildFile; fileRef = FF361A11248BAE2A00E6DDA6 /* Localizable.strings */; };
		FF361A12248BAE2D00E6DDA6 /* InfoPlist.strings in Resources */ = {isa = PBXBuildFile; fileRef = FF361A14248BAE2D00E6DDA6 /* InfoPlist.strings */; };
		FF361A19248BAF7200E6DDA6 /* HealthKit.framework in Frameworks */ = {isa = PBXBuildFile; fileRef = FF361A18248BAF7200E6DDA6 /* HealthKit.framework */; };
		FF361A1C248BB8DF00E6DDA6 /* String+Localization.swift in Sources */ = {isa = PBXBuildFile; fileRef = FF361A1B248BB8DF00E6DDA6 /* String+Localization.swift */; };
		FF361A1E248BBB6C00E6DDA6 /* UIViewController+Alert.swift in Sources */ = {isa = PBXBuildFile; fileRef = FF361A1D248BBB6C00E6DDA6 /* UIViewController+Alert.swift */; };
		FF361A22248BC01400E6DDA6 /* UITableViewCell+Creation.swift in Sources */ = {isa = PBXBuildFile; fileRef = FF361A21248BC01400E6DDA6 /* UITableViewCell+Creation.swift */; };
		FF361A25248BC06700E6DDA6 /* NSObject+Extensions.swift in Sources */ = {isa = PBXBuildFile; fileRef = FF361A24248BC06700E6DDA6 /* NSObject+Extensions.swift */; };
		FF361A2A248BC1BA00E6DDA6 /* UserAvatarTableViewCell.swift in Sources */ = {isa = PBXBuildFile; fileRef = FF361A28248BC1BA00E6DDA6 /* UserAvatarTableViewCell.swift */; };
		FF361A2B248BC1BA00E6DDA6 /* UserAvatarTableViewCell.xib in Resources */ = {isa = PBXBuildFile; fileRef = FF361A29248BC1BA00E6DDA6 /* UserAvatarTableViewCell.xib */; };
		FF361A2F248BC1E100E6DDA6 /* ChartTableViewCell.swift in Sources */ = {isa = PBXBuildFile; fileRef = FF361A2D248BC1E100E6DDA6 /* ChartTableViewCell.swift */; };
		FF361A30248BC1E100E6DDA6 /* ChartTableViewCell.xib in Resources */ = {isa = PBXBuildFile; fileRef = FF361A2E248BC1E100E6DDA6 /* ChartTableViewCell.xib */; };
		FF361A34248BC20B00E6DDA6 /* AchievementsTableViewCell.swift in Sources */ = {isa = PBXBuildFile; fileRef = FF361A32248BC20B00E6DDA6 /* AchievementsTableViewCell.swift */; };
		FF361A35248BC20B00E6DDA6 /* AchievementsTableViewCell.xib in Resources */ = {isa = PBXBuildFile; fileRef = FF361A33248BC20B00E6DDA6 /* AchievementsTableViewCell.xib */; };
		FF361A39248BC8DB00E6DDA6 /* UserProvider.swift in Sources */ = {isa = PBXBuildFile; fileRef = FF361A38248BC8DB00E6DDA6 /* UserProvider.swift */; };
		FF361A3B248BCA2200E6DDA6 /* LPSUser.swift in Sources */ = {isa = PBXBuildFile; fileRef = FF361A3A248BCA2200E6DDA6 /* LPSUser.swift */; };
		FF361A3D248BCDC900E6DDA6 /* UserDAO+Extensions.swift in Sources */ = {isa = PBXBuildFile; fileRef = FF361A3C248BCDC900E6DDA6 /* UserDAO+Extensions.swift */; };
		FF361A3F248BD4B400E6DDA6 /* ProvidersFactory.swift in Sources */ = {isa = PBXBuildFile; fileRef = FF361A3E248BD4B400E6DDA6 /* ProvidersFactory.swift */; };
		FF3B7BA8248AC41300E56FDB /* AppDelegate.swift in Sources */ = {isa = PBXBuildFile; fileRef = FF3B7BA7248AC41300E56FDB /* AppDelegate.swift */; };
		FF3B7BAA248AC41300E56FDB /* SceneDelegate.swift in Sources */ = {isa = PBXBuildFile; fileRef = FF3B7BA9248AC41300E56FDB /* SceneDelegate.swift */; };
		FF3B7BB2248AC41300E56FDB /* MySteps.xcdatamodeld in Sources */ = {isa = PBXBuildFile; fileRef = FF3B7BB0248AC41300E56FDB /* MySteps.xcdatamodeld */; };
		FF3B7BB4248AC41400E56FDB /* Assets.xcassets in Resources */ = {isa = PBXBuildFile; fileRef = FF3B7BB3248AC41400E56FDB /* Assets.xcassets */; };
		FF3B7BB7248AC41400E56FDB /* LaunchScreen.storyboard in Resources */ = {isa = PBXBuildFile; fileRef = FF3B7BB5248AC41400E56FDB /* LaunchScreen.storyboard */; };
		FF82E0B8248B799500F693DF /* AppStartErrorViewModel.swift in Sources */ = {isa = PBXBuildFile; fileRef = FF82E0B7248B799500F693DF /* AppStartErrorViewModel.swift */; };
		FF82E0BC248B7BF600F693DF /* LocalPersistentStore.swift in Sources */ = {isa = PBXBuildFile; fileRef = FF82E0BB248B7BF600F693DF /* LocalPersistentStore.swift */; };
		FF82E0BF248B7D4B00F693DF /* HealthKitStore.swift in Sources */ = {isa = PBXBuildFile; fileRef = FF82E0BE248B7D4B00F693DF /* HealthKitStore.swift */; };
		FF82E0C1248B7DEF00F693DF /* DataLayerFactory.swift in Sources */ = {isa = PBXBuildFile; fileRef = FF82E0C0248B7DEF00F693DF /* DataLayerFactory.swift */; };
		FFCBB2DF248AD4ED0026AE7F /* Factory.swift in Sources */ = {isa = PBXBuildFile; fileRef = FFCBB2DE248AD4ED0026AE7F /* Factory.swift */; };
		FFCBB2E1248AD5560026AE7F /* ViewControllersFactory.swift in Sources */ = {isa = PBXBuildFile; fileRef = FFCBB2E0248AD5560026AE7F /* ViewControllersFactory.swift */; };
		FFCBB2E4248AD6C60026AE7F /* Router.swift in Sources */ = {isa = PBXBuildFile; fileRef = FFCBB2E3248AD6C60026AE7F /* Router.swift */; };
		FFCBB2EA248AD7600026AE7F /* UIViewController+Window.swift in Sources */ = {isa = PBXBuildFile; fileRef = FFCBB2E9248AD7600026AE7F /* UIViewController+Window.swift */; };
		FFCBB2EC248AD9220026AE7F /* RouterFactory.swift in Sources */ = {isa = PBXBuildFile; fileRef = FFCBB2EB248AD9220026AE7F /* RouterFactory.swift */; };
		FFCBB2F2248ADAFA0026AE7F /* AppStartPresenter.swift in Sources */ = {isa = PBXBuildFile; fileRef = FFCBB2EE248ADAFA0026AE7F /* AppStartPresenter.swift */; };
		FFCBB2F3248ADAFA0026AE7F /* AppStartViewController.swift in Sources */ = {isa = PBXBuildFile; fileRef = FFCBB2EF248ADAFA0026AE7F /* AppStartViewController.swift */; };
		FFCBB2F4248ADAFA0026AE7F /* AppStartInteractor.swift in Sources */ = {isa = PBXBuildFile; fileRef = FFCBB2F0248ADAFA0026AE7F /* AppStartInteractor.swift */; };
		FFCBB2F5248ADAFA0026AE7F /* AppStartViewController.xib in Resources */ = {isa = PBXBuildFile; fileRef = FFCBB2F1248ADAFA0026AE7F /* AppStartViewController.xib */; };
		FFCBB2FB248ADC180026AE7F /* HomePresenter.swift in Sources */ = {isa = PBXBuildFile; fileRef = FFCBB2F7248ADC180026AE7F /* HomePresenter.swift */; };
		FFCBB2FC248ADC180026AE7F /* HomeViewController.swift in Sources */ = {isa = PBXBuildFile; fileRef = FFCBB2F8248ADC180026AE7F /* HomeViewController.swift */; };
		FFCBB2FD248ADC180026AE7F /* HomeInteractor.swift in Sources */ = {isa = PBXBuildFile; fileRef = FFCBB2F9248ADC180026AE7F /* HomeInteractor.swift */; };
		FFCBB2FE248ADC180026AE7F /* HomeViewController.xib in Resources */ = {isa = PBXBuildFile; fileRef = FFCBB2FA248ADC180026AE7F /* HomeViewController.xib */; };
		FFFC5AAF248C13DB00116A4E /* BaseNibView.swift in Sources */ = {isa = PBXBuildFile; fileRef = FFFC5AAE248C13DB00116A4E /* BaseNibView.swift */; };
		FFFC5AB3248C165E00116A4E /* UserBarView.swift in Sources */ = {isa = PBXBuildFile; fileRef = FFFC5AB2248C165E00116A4E /* UserBarView.swift */; };
		FFFC5AB5248C166E00116A4E /* UserBarView.xib in Resources */ = {isa = PBXBuildFile; fileRef = FFFC5AB4248C166E00116A4E /* UserBarView.xib */; };
		FFFC5AB7248C1E5300116A4E /* UserBarViewModel.swift in Sources */ = {isa = PBXBuildFile; fileRef = FFFC5AB6248C1E5300116A4E /* UserBarViewModel.swift */; };
/* End PBXBuildFile section */

/* Begin PBXFileReference section */
		6EB0ACBA72ACB077EA9C6DB5 /* Pods-MySteps.release.xcconfig */ = {isa = PBXFileReference; includeInIndex = 1; lastKnownFileType = text.xcconfig; name = "Pods-MySteps.release.xcconfig"; path = "Target Support Files/Pods-MySteps/Pods-MySteps.release.xcconfig"; sourceTree = "<group>"; };
		9782C5A795F7269FF0A7C304 /* Pods-MySteps.debug.xcconfig */ = {isa = PBXFileReference; includeInIndex = 1; lastKnownFileType = text.xcconfig; name = "Pods-MySteps.debug.xcconfig"; path = "Target Support Files/Pods-MySteps/Pods-MySteps.debug.xcconfig"; sourceTree = "<group>"; };
		AEBC42CBC8C7B0A88DE3532A /* Pods_MySteps.framework */ = {isa = PBXFileReference; explicitFileType = wrapper.framework; includeInIndex = 0; path = Pods_MySteps.framework; sourceTree = BUILT_PRODUCTS_DIR; };
		FF361A10248BAE2A00E6DDA6 /* en */ = {isa = PBXFileReference; lastKnownFileType = text.plist.strings; name = en; path = en.lproj/Localizable.strings; sourceTree = "<group>"; };
		FF361A13248BAE2D00E6DDA6 /* en */ = {isa = PBXFileReference; lastKnownFileType = text.plist.strings; name = en; path = en.lproj/InfoPlist.strings; sourceTree = "<group>"; };
		FF361A15248BAE5900E6DDA6 /* ru */ = {isa = PBXFileReference; lastKnownFileType = text.plist.strings; name = ru; path = ru.lproj/Localizable.strings; sourceTree = "<group>"; };
		FF361A16248BAE5900E6DDA6 /* ru */ = {isa = PBXFileReference; lastKnownFileType = text.plist.strings; name = ru; path = ru.lproj/InfoPlist.strings; sourceTree = "<group>"; };
		FF361A17248BAF7200E6DDA6 /* MySteps.entitlements */ = {isa = PBXFileReference; lastKnownFileType = text.plist.entitlements; path = MySteps.entitlements; sourceTree = "<group>"; };
		FF361A18248BAF7200E6DDA6 /* HealthKit.framework */ = {isa = PBXFileReference; lastKnownFileType = wrapper.framework; name = HealthKit.framework; path = System/Library/Frameworks/HealthKit.framework; sourceTree = SDKROOT; };
		FF361A1B248BB8DF00E6DDA6 /* String+Localization.swift */ = {isa = PBXFileReference; lastKnownFileType = sourcecode.swift; path = "String+Localization.swift"; sourceTree = "<group>"; };
		FF361A1D248BBB6C00E6DDA6 /* UIViewController+Alert.swift */ = {isa = PBXFileReference; lastKnownFileType = sourcecode.swift; path = "UIViewController+Alert.swift"; sourceTree = "<group>"; };
		FF361A21248BC01400E6DDA6 /* UITableViewCell+Creation.swift */ = {isa = PBXFileReference; lastKnownFileType = sourcecode.swift; path = "UITableViewCell+Creation.swift"; sourceTree = "<group>"; };
		FF361A24248BC06700E6DDA6 /* NSObject+Extensions.swift */ = {isa = PBXFileReference; lastKnownFileType = sourcecode.swift; path = "NSObject+Extensions.swift"; sourceTree = "<group>"; };
		FF361A28248BC1BA00E6DDA6 /* UserAvatarTableViewCell.swift */ = {isa = PBXFileReference; lastKnownFileType = sourcecode.swift; path = UserAvatarTableViewCell.swift; sourceTree = "<group>"; };
		FF361A29248BC1BA00E6DDA6 /* UserAvatarTableViewCell.xib */ = {isa = PBXFileReference; lastKnownFileType = file.xib; path = UserAvatarTableViewCell.xib; sourceTree = "<group>"; };
		FF361A2D248BC1E100E6DDA6 /* ChartTableViewCell.swift */ = {isa = PBXFileReference; lastKnownFileType = sourcecode.swift; path = ChartTableViewCell.swift; sourceTree = "<group>"; };
		FF361A2E248BC1E100E6DDA6 /* ChartTableViewCell.xib */ = {isa = PBXFileReference; lastKnownFileType = file.xib; path = ChartTableViewCell.xib; sourceTree = "<group>"; };
		FF361A32248BC20B00E6DDA6 /* AchievementsTableViewCell.swift */ = {isa = PBXFileReference; lastKnownFileType = sourcecode.swift; path = AchievementsTableViewCell.swift; sourceTree = "<group>"; };
		FF361A33248BC20B00E6DDA6 /* AchievementsTableViewCell.xib */ = {isa = PBXFileReference; lastKnownFileType = file.xib; path = AchievementsTableViewCell.xib; sourceTree = "<group>"; };
		FF361A38248BC8DB00E6DDA6 /* UserProvider.swift */ = {isa = PBXFileReference; lastKnownFileType = sourcecode.swift; path = UserProvider.swift; sourceTree = "<group>"; };
		FF361A3A248BCA2200E6DDA6 /* LPSUser.swift */ = {isa = PBXFileReference; lastKnownFileType = sourcecode.swift; path = LPSUser.swift; sourceTree = "<group>"; };
		FF361A3C248BCDC900E6DDA6 /* UserDAO+Extensions.swift */ = {isa = PBXFileReference; lastKnownFileType = sourcecode.swift; path = "UserDAO+Extensions.swift"; sourceTree = "<group>"; };
		FF361A3E248BD4B400E6DDA6 /* ProvidersFactory.swift */ = {isa = PBXFileReference; lastKnownFileType = sourcecode.swift; path = ProvidersFactory.swift; sourceTree = "<group>"; };
		FF3B7BA4248AC41300E56FDB /* MySteps.app */ = {isa = PBXFileReference; explicitFileType = wrapper.application; includeInIndex = 0; path = MySteps.app; sourceTree = BUILT_PRODUCTS_DIR; };
		FF3B7BA7248AC41300E56FDB /* AppDelegate.swift */ = {isa = PBXFileReference; lastKnownFileType = sourcecode.swift; path = AppDelegate.swift; sourceTree = "<group>"; };
		FF3B7BA9248AC41300E56FDB /* SceneDelegate.swift */ = {isa = PBXFileReference; lastKnownFileType = sourcecode.swift; path = SceneDelegate.swift; sourceTree = "<group>"; };
		FF3B7BB1248AC41300E56FDB /* MySteps.xcdatamodel */ = {isa = PBXFileReference; lastKnownFileType = wrapper.xcdatamodel; path = MySteps.xcdatamodel; sourceTree = "<group>"; };
		FF3B7BB3248AC41400E56FDB /* Assets.xcassets */ = {isa = PBXFileReference; lastKnownFileType = folder.assetcatalog; path = Assets.xcassets; sourceTree = "<group>"; };
		FF3B7BB6248AC41400E56FDB /* Base */ = {isa = PBXFileReference; lastKnownFileType = file.storyboard; name = Base; path = Base.lproj/LaunchScreen.storyboard; sourceTree = "<group>"; };
		FF3B7BB8248AC41400E56FDB /* Info.plist */ = {isa = PBXFileReference; lastKnownFileType = text.plist.xml; path = Info.plist; sourceTree = "<group>"; };
		FF82E0B7248B799500F693DF /* AppStartErrorViewModel.swift */ = {isa = PBXFileReference; lastKnownFileType = sourcecode.swift; path = AppStartErrorViewModel.swift; sourceTree = "<group>"; };
		FF82E0BB248B7BF600F693DF /* LocalPersistentStore.swift */ = {isa = PBXFileReference; lastKnownFileType = sourcecode.swift; path = LocalPersistentStore.swift; sourceTree = "<group>"; };
		FF82E0BE248B7D4B00F693DF /* HealthKitStore.swift */ = {isa = PBXFileReference; lastKnownFileType = sourcecode.swift; path = HealthKitStore.swift; sourceTree = "<group>"; };
		FF82E0C0248B7DEF00F693DF /* DataLayerFactory.swift */ = {isa = PBXFileReference; lastKnownFileType = sourcecode.swift; path = DataLayerFactory.swift; sourceTree = "<group>"; };
		FFCBB2DE248AD4ED0026AE7F /* Factory.swift */ = {isa = PBXFileReference; lastKnownFileType = sourcecode.swift; path = Factory.swift; sourceTree = "<group>"; };
		FFCBB2E0248AD5560026AE7F /* ViewControllersFactory.swift */ = {isa = PBXFileReference; lastKnownFileType = sourcecode.swift; path = ViewControllersFactory.swift; sourceTree = "<group>"; };
		FFCBB2E3248AD6C60026AE7F /* Router.swift */ = {isa = PBXFileReference; lastKnownFileType = sourcecode.swift; path = Router.swift; sourceTree = "<group>"; };
		FFCBB2E9248AD7600026AE7F /* UIViewController+Window.swift */ = {isa = PBXFileReference; lastKnownFileType = sourcecode.swift; path = "UIViewController+Window.swift"; sourceTree = "<group>"; };
		FFCBB2EB248AD9220026AE7F /* RouterFactory.swift */ = {isa = PBXFileReference; lastKnownFileType = sourcecode.swift; path = RouterFactory.swift; sourceTree = "<group>"; };
		FFCBB2EE248ADAFA0026AE7F /* AppStartPresenter.swift */ = {isa = PBXFileReference; lastKnownFileType = sourcecode.swift; path = AppStartPresenter.swift; sourceTree = "<group>"; };
		FFCBB2EF248ADAFA0026AE7F /* AppStartViewController.swift */ = {isa = PBXFileReference; lastKnownFileType = sourcecode.swift; path = AppStartViewController.swift; sourceTree = "<group>"; };
		FFCBB2F0248ADAFA0026AE7F /* AppStartInteractor.swift */ = {isa = PBXFileReference; lastKnownFileType = sourcecode.swift; path = AppStartInteractor.swift; sourceTree = "<group>"; };
		FFCBB2F1248ADAFA0026AE7F /* AppStartViewController.xib */ = {isa = PBXFileReference; lastKnownFileType = file.xib; path = AppStartViewController.xib; sourceTree = "<group>"; };
		FFCBB2F7248ADC180026AE7F /* HomePresenter.swift */ = {isa = PBXFileReference; lastKnownFileType = sourcecode.swift; path = HomePresenter.swift; sourceTree = "<group>"; };
		FFCBB2F8248ADC180026AE7F /* HomeViewController.swift */ = {isa = PBXFileReference; lastKnownFileType = sourcecode.swift; path = HomeViewController.swift; sourceTree = "<group>"; };
		FFCBB2F9248ADC180026AE7F /* HomeInteractor.swift */ = {isa = PBXFileReference; lastKnownFileType = sourcecode.swift; path = HomeInteractor.swift; sourceTree = "<group>"; };
		FFCBB2FA248ADC180026AE7F /* HomeViewController.xib */ = {isa = PBXFileReference; lastKnownFileType = file.xib; path = HomeViewController.xib; sourceTree = "<group>"; };
		FFFC5AAE248C13DB00116A4E /* BaseNibView.swift */ = {isa = PBXFileReference; lastKnownFileType = sourcecode.swift; path = BaseNibView.swift; sourceTree = "<group>"; };
		FFFC5AB2248C165E00116A4E /* UserBarView.swift */ = {isa = PBXFileReference; lastKnownFileType = sourcecode.swift; path = UserBarView.swift; sourceTree = "<group>"; };
		FFFC5AB4248C166E00116A4E /* UserBarView.xib */ = {isa = PBXFileReference; lastKnownFileType = file.xib; path = UserBarView.xib; sourceTree = "<group>"; };
		FFFC5AB6248C1E5300116A4E /* UserBarViewModel.swift */ = {isa = PBXFileReference; lastKnownFileType = sourcecode.swift; path = UserBarViewModel.swift; sourceTree = "<group>"; };
/* End PBXFileReference section */

/* Begin PBXFrameworksBuildPhase section */
		FF3B7BA1248AC41300E56FDB /* Frameworks */ = {
			isa = PBXFrameworksBuildPhase;
			buildActionMask = 2147483647;
			files = (
				60079AA7CE27B63EE979AA64 /* Pods_MySteps.framework in Frameworks */,
				FF361A19248BAF7200E6DDA6 /* HealthKit.framework in Frameworks */,
			);
			runOnlyForDeploymentPostprocessing = 0;
		};
/* End PBXFrameworksBuildPhase section */

/* Begin PBXGroup section */
		669E12E0E766392937A91E26 /* Frameworks */ = {
			isa = PBXGroup;
			children = (
				FF361A18248BAF7200E6DDA6 /* HealthKit.framework */,
				AEBC42CBC8C7B0A88DE3532A /* Pods_MySteps.framework */,
			);
			name = Frameworks;
			sourceTree = "<group>";
		};
		D96C9D21FC01C8E550839646 /* Pods */ = {
			isa = PBXGroup;
			children = (
				9782C5A795F7269FF0A7C304 /* Pods-MySteps.debug.xcconfig */,
				6EB0ACBA72ACB077EA9C6DB5 /* Pods-MySteps.release.xcconfig */,
			);
			path = Pods;
			sourceTree = "<group>";
		};
		FF361A0B248BAD4C00E6DDA6 /* Localization */ = {
			isa = PBXGroup;
			children = (
				FF361A11248BAE2A00E6DDA6 /* Localizable.strings */,
				FF361A14248BAE2D00E6DDA6 /* InfoPlist.strings */,
			);
			path = Localization;
			sourceTree = "<group>";
		};
		FF361A0C248BAD5400E6DDA6 /* Images */ = {
			isa = PBXGroup;
			children = (
				FF3B7BB3248AC41400E56FDB /* Assets.xcassets */,
			);
			path = Images;
			sourceTree = "<group>";
		};
		FF361A1A248BB8C100E6DDA6 /* String */ = {
			isa = PBXGroup;
			children = (
				FF361A1B248BB8DF00E6DDA6 /* String+Localization.swift */,
			);
			path = String;
			sourceTree = "<group>";
		};
		FF361A1F248BBFC400E6DDA6 /* Cells */ = {
			isa = PBXGroup;
			children = (
				FF361A31248BC1F300E6DDA6 /* Achievements */,
				FF361A2C248BC1CB00E6DDA6 /* Chart */,
				FF361A26248BC18600E6DDA6 /* UserAvatar */,
			);
			path = Cells;
			sourceTree = "<group>";
		};
		FF361A20248BBFE800E6DDA6 /* UITableViewCell */ = {
			isa = PBXGroup;
			children = (
				FF361A21248BC01400E6DDA6 /* UITableViewCell+Creation.swift */,
			);
			path = UITableViewCell;
			sourceTree = "<group>";
		};
		FF361A23248BC05400E6DDA6 /* NSObject */ = {
			isa = PBXGroup;
			children = (
				FF361A24248BC06700E6DDA6 /* NSObject+Extensions.swift */,
			);
			path = NSObject;
			sourceTree = "<group>";
		};
		FF361A26248BC18600E6DDA6 /* UserAvatar */ = {
			isa = PBXGroup;
			children = (
				FF361A28248BC1BA00E6DDA6 /* UserAvatarTableViewCell.swift */,
				FF361A29248BC1BA00E6DDA6 /* UserAvatarTableViewCell.xib */,
			);
			path = UserAvatar;
			sourceTree = "<group>";
		};
		FF361A2C248BC1CB00E6DDA6 /* Chart */ = {
			isa = PBXGroup;
			children = (
				FF361A2D248BC1E100E6DDA6 /* ChartTableViewCell.swift */,
				FF361A2E248BC1E100E6DDA6 /* ChartTableViewCell.xib */,
			);
			path = Chart;
			sourceTree = "<group>";
		};
		FF361A31248BC1F300E6DDA6 /* Achievements */ = {
			isa = PBXGroup;
			children = (
				FF361A32248BC20B00E6DDA6 /* AchievementsTableViewCell.swift */,
				FF361A33248BC20B00E6DDA6 /* AchievementsTableViewCell.xib */,
			);
			path = Achievements;
			sourceTree = "<group>";
		};
		FF361A37248BC8AF00E6DDA6 /* Providers */ = {
			isa = PBXGroup;
			children = (
				FF361A38248BC8DB00E6DDA6 /* UserProvider.swift */,
			);
			path = Providers;
			sourceTree = "<group>";
		};
		FF3B7B9B248AC41300E56FDB = {
			isa = PBXGroup;
			children = (
				FF3B7BA6248AC41300E56FDB /* MySteps */,
				FF3B7BA5248AC41300E56FDB /* Products */,
				D96C9D21FC01C8E550839646 /* Pods */,
				669E12E0E766392937A91E26 /* Frameworks */,
			);
			sourceTree = "<group>";
		};
		FF3B7BA5248AC41300E56FDB /* Products */ = {
			isa = PBXGroup;
			children = (
				FF3B7BA4248AC41300E56FDB /* MySteps.app */,
			);
			name = Products;
			sourceTree = "<group>";
		};
		FF3B7BA6248AC41300E56FDB /* MySteps */ = {
			isa = PBXGroup;
			children = (
				FFF0AA65248AD29300A38F5D /* Application */,
				FFFC5AAC248C138200116A4E /* Components */,
				FFF0AA69248AD2F300A38F5D /* DataLayer */,
				FFCBB2E5248AD6FF0026AE7F /* Extensions */,
				FFCBB2DD248AD4C70026AE7F /* Factories */,
				FF361A37248BC8AF00E6DDA6 /* Providers */,
				FFF0AA68248AD2E400A38F5D /* Resources */,
				FFCBB2E2248AD6AF0026AE7F /* Router */,
				FFF0AA67248AD2C300A38F5D /* Storyboards */,
				FFF0AA6A248AD32C00A38F5D /* SupportingFiles */,
				FFF0AA66248AD2A500A38F5D /* ViewControllers */,
			);
			path = MySteps;
			sourceTree = "<group>";
		};
		FF82E0B9248B7BC800F693DF /* DataAccessObjects */ = {
			isa = PBXGroup;
			children = (
				FF3B7BB0248AC41300E56FDB /* MySteps.xcdatamodeld */,
				FF361A3C248BCDC900E6DDA6 /* UserDAO+Extensions.swift */,
			);
			path = DataAccessObjects;
			sourceTree = "<group>";
		};
		FF82E0BA248B7BE100F693DF /* LocalPersistentStore */ = {
			isa = PBXGroup;
			children = (
				FF82E0BB248B7BF600F693DF /* LocalPersistentStore.swift */,
				FF361A3A248BCA2200E6DDA6 /* LPSUser.swift */,
			);
			path = LocalPersistentStore;
			sourceTree = "<group>";
		};
		FF82E0BD248B7D2700F693DF /* HealthKitStore */ = {
			isa = PBXGroup;
			children = (
				FF82E0BE248B7D4B00F693DF /* HealthKitStore.swift */,
			);
			path = HealthKitStore;
			sourceTree = "<group>";
		};
		FFCBB2DD248AD4C70026AE7F /* Factories */ = {
			isa = PBXGroup;
			children = (
				FF82E0C0248B7DEF00F693DF /* DataLayerFactory.swift */,
				FFCBB2DE248AD4ED0026AE7F /* Factory.swift */,
				FF361A3E248BD4B400E6DDA6 /* ProvidersFactory.swift */,
				FFCBB2EB248AD9220026AE7F /* RouterFactory.swift */,
				FFCBB2E0248AD5560026AE7F /* ViewControllersFactory.swift */,
			);
			path = Factories;
			sourceTree = "<group>";
		};
		FFCBB2E2248AD6AF0026AE7F /* Router */ = {
			isa = PBXGroup;
			children = (
				FFCBB2E3248AD6C60026AE7F /* Router.swift */,
			);
			path = Router;
			sourceTree = "<group>";
		};
		FFCBB2E5248AD6FF0026AE7F /* Extensions */ = {
			isa = PBXGroup;
			children = (
				FF361A23248BC05400E6DDA6 /* NSObject */,
				FF361A1A248BB8C100E6DDA6 /* String */,
				FF361A20248BBFE800E6DDA6 /* UITableViewCell */,
				FFCBB2E6248AD7180026AE7F /* UIViewController */,
			);
			path = Extensions;
			sourceTree = "<group>";
		};
		FFCBB2E6248AD7180026AE7F /* UIViewController */ = {
			isa = PBXGroup;
			children = (
				FFCBB2E9248AD7600026AE7F /* UIViewController+Window.swift */,
				FF361A1D248BBB6C00E6DDA6 /* UIViewController+Alert.swift */,
			);
			path = UIViewController;
			sourceTree = "<group>";
		};
		FFCBB2ED248ADAE70026AE7F /* AppStart */ = {
			isa = PBXGroup;
			children = (
				FF82E0B7248B799500F693DF /* AppStartErrorViewModel.swift */,
				FFCBB2F0248ADAFA0026AE7F /* AppStartInteractor.swift */,
				FFCBB2EE248ADAFA0026AE7F /* AppStartPresenter.swift */,
				FFCBB2EF248ADAFA0026AE7F /* AppStartViewController.swift */,
				FFCBB2F1248ADAFA0026AE7F /* AppStartViewController.xib */,
			);
			path = AppStart;
			sourceTree = "<group>";
		};
		FFCBB2F6248ADBFD0026AE7F /* Home */ = {
			isa = PBXGroup;
			children = (
				FF361A1F248BBFC400E6DDA6 /* Cells */,
				FFCBB2F9248ADC180026AE7F /* HomeInteractor.swift */,
				FFCBB2F7248ADC180026AE7F /* HomePresenter.swift */,
				FFCBB2F8248ADC180026AE7F /* HomeViewController.swift */,
				FFCBB2FA248ADC180026AE7F /* HomeViewController.xib */,
			);
			path = Home;
			sourceTree = "<group>";
		};
		FFF0AA65248AD29300A38F5D /* Application */ = {
			isa = PBXGroup;
			children = (
				FF3B7BA7248AC41300E56FDB /* AppDelegate.swift */,
				FF3B7BA9248AC41300E56FDB /* SceneDelegate.swift */,
			);
			path = Application;
			sourceTree = "<group>";
		};
		FFF0AA66248AD2A500A38F5D /* ViewControllers */ = {
			isa = PBXGroup;
			children = (
				FFCBB2ED248ADAE70026AE7F /* AppStart */,
				FFCBB2F6248ADBFD0026AE7F /* Home */,
			);
			path = ViewControllers;
			sourceTree = "<group>";
		};
		FFF0AA67248AD2C300A38F5D /* Storyboards */ = {
			isa = PBXGroup;
			children = (
				FF3B7BB5248AC41400E56FDB /* LaunchScreen.storyboard */,
			);
			path = Storyboards;
			sourceTree = "<group>";
		};
		FFF0AA68248AD2E400A38F5D /* Resources */ = {
			isa = PBXGroup;
			children = (
				FF361A0C248BAD5400E6DDA6 /* Images */,
				FF361A0B248BAD4C00E6DDA6 /* Localization */,
			);
			path = Resources;
			sourceTree = "<group>";
		};
		FFF0AA69248AD2F300A38F5D /* DataLayer */ = {
			isa = PBXGroup;
			children = (
				FF82E0B9248B7BC800F693DF /* DataAccessObjects */,
				FF82E0BD248B7D2700F693DF /* HealthKitStore */,
				FF82E0BA248B7BE100F693DF /* LocalPersistentStore */,
			);
			path = DataLayer;
			sourceTree = "<group>";
		};
		FFF0AA6A248AD32C00A38F5D /* SupportingFiles */ = {
			isa = PBXGroup;
			children = (
				FF361A17248BAF7200E6DDA6 /* MySteps.entitlements */,
				FF3B7BB8248AC41400E56FDB /* Info.plist */,
			);
			path = SupportingFiles;
			sourceTree = "<group>";
		};
		FFFC5AAC248C138200116A4E /* Components */ = {
			isa = PBXGroup;
			children = (
				FFFC5AAD248C13C300116A4E /* Base */,
				FFFC5AB1248C163700116A4E /* UserBar */,
			);
			path = Components;
			sourceTree = "<group>";
		};
		FFFC5AAD248C13C300116A4E /* Base */ = {
			isa = PBXGroup;
			children = (
				FFFC5AAE248C13DB00116A4E /* BaseNibView.swift */,
			);
			path = Base;
			sourceTree = "<group>";
		};
		FFFC5AB1248C163700116A4E /* UserBar */ = {
			isa = PBXGroup;
			children = (
				FFFC5AB2248C165E00116A4E /* UserBarView.swift */,
				FFFC5AB4248C166E00116A4E /* UserBarView.xib */,
				FFFC5AB6248C1E5300116A4E /* UserBarViewModel.swift */,
			);
			path = UserBar;
			sourceTree = "<group>";
		};
/* End PBXGroup section */

/* Begin PBXNativeTarget section */
		FF3B7BA3248AC41300E56FDB /* MySteps */ = {
			isa = PBXNativeTarget;
			buildConfigurationList = FF3B7BBB248AC41500E56FDB /* Build configuration list for PBXNativeTarget "MySteps" */;
			buildPhases = (
				3C4C8D8DF2EE0D298B296919 /* [CP] Check Pods Manifest.lock */,
				FF3B7BA0248AC41300E56FDB /* Sources */,
				FF3B7BA1248AC41300E56FDB /* Frameworks */,
				FF3B7BA2248AC41300E56FDB /* Resources */,
				2FE39CEB1B7A35D29A5846F4 /* [CP] Embed Pods Frameworks */,
			);
			buildRules = (
			);
			dependencies = (
			);
			name = MySteps;
			productName = MySteps;
			productReference = FF3B7BA4248AC41300E56FDB /* MySteps.app */;
			productType = "com.apple.product-type.application";
		};
/* End PBXNativeTarget section */

/* Begin PBXProject section */
		FF3B7B9C248AC41300E56FDB /* Project object */ = {
			isa = PBXProject;
			attributes = {
				LastSwiftUpdateCheck = 1150;
				LastUpgradeCheck = 1150;
				ORGANIZATIONNAME = "ATi Soft";
				TargetAttributes = {
					FF3B7BA3248AC41300E56FDB = {
						CreatedOnToolsVersion = 11.5;
					};
				};
			};
			buildConfigurationList = FF3B7B9F248AC41300E56FDB /* Build configuration list for PBXProject "MySteps" */;
			compatibilityVersion = "Xcode 9.3";
			developmentRegion = en;
			hasScannedForEncodings = 0;
			knownRegions = (
				en,
				Base,
				ru,
			);
			mainGroup = FF3B7B9B248AC41300E56FDB;
			productRefGroup = FF3B7BA5248AC41300E56FDB /* Products */;
			projectDirPath = "";
			projectRoot = "";
			targets = (
				FF3B7BA3248AC41300E56FDB /* MySteps */,
			);
		};
/* End PBXProject section */

/* Begin PBXResourcesBuildPhase section */
		FF3B7BA2248AC41300E56FDB /* Resources */ = {
			isa = PBXResourcesBuildPhase;
			buildActionMask = 2147483647;
			files = (
				FF361A2B248BC1BA00E6DDA6 /* UserAvatarTableViewCell.xib in Resources */,
				FF361A0F248BAE2A00E6DDA6 /* Localizable.strings in Resources */,
				FF361A12248BAE2D00E6DDA6 /* InfoPlist.strings in Resources */,
				FFFC5AB5248C166E00116A4E /* UserBarView.xib in Resources */,
				FF3B7BB7248AC41400E56FDB /* LaunchScreen.storyboard in Resources */,
				FF361A30248BC1E100E6DDA6 /* ChartTableViewCell.xib in Resources */,
				FFCBB2F5248ADAFA0026AE7F /* AppStartViewController.xib in Resources */,
				FF361A35248BC20B00E6DDA6 /* AchievementsTableViewCell.xib in Resources */,
				FFCBB2FE248ADC180026AE7F /* HomeViewController.xib in Resources */,
				FF3B7BB4248AC41400E56FDB /* Assets.xcassets in Resources */,
			);
			runOnlyForDeploymentPostprocessing = 0;
		};
/* End PBXResourcesBuildPhase section */

/* Begin PBXShellScriptBuildPhase section */
		2FE39CEB1B7A35D29A5846F4 /* [CP] Embed Pods Frameworks */ = {
			isa = PBXShellScriptBuildPhase;
			buildActionMask = 2147483647;
			files = (
			);
			inputFileListPaths = (
				"${PODS_ROOT}/Target Support Files/Pods-MySteps/Pods-MySteps-frameworks-${CONFIGURATION}-input-files.xcfilelist",
			);
			name = "[CP] Embed Pods Frameworks";
			outputFileListPaths = (
				"${PODS_ROOT}/Target Support Files/Pods-MySteps/Pods-MySteps-frameworks-${CONFIGURATION}-output-files.xcfilelist",
			);
			runOnlyForDeploymentPostprocessing = 0;
			shellPath = /bin/sh;
			shellScript = "\"${PODS_ROOT}/Target Support Files/Pods-MySteps/Pods-MySteps-frameworks.sh\"\n";
			showEnvVarsInLog = 0;
		};
		3C4C8D8DF2EE0D298B296919 /* [CP] Check Pods Manifest.lock */ = {
			isa = PBXShellScriptBuildPhase;
			buildActionMask = 2147483647;
			files = (
			);
			inputFileListPaths = (
			);
			inputPaths = (
				"${PODS_PODFILE_DIR_PATH}/Podfile.lock",
				"${PODS_ROOT}/Manifest.lock",
			);
			name = "[CP] Check Pods Manifest.lock";
			outputFileListPaths = (
			);
			outputPaths = (
				"$(DERIVED_FILE_DIR)/Pods-MySteps-checkManifestLockResult.txt",
			);
			runOnlyForDeploymentPostprocessing = 0;
			shellPath = /bin/sh;
			shellScript = "diff \"${PODS_PODFILE_DIR_PATH}/Podfile.lock\" \"${PODS_ROOT}/Manifest.lock\" > /dev/null\nif [ $? != 0 ] ; then\n    # print error to STDERR\n    echo \"error: The sandbox is not in sync with the Podfile.lock. Run 'pod install' or update your CocoaPods installation.\" >&2\n    exit 1\nfi\n# This output is used by Xcode 'outputs' to avoid re-running this script phase.\necho \"SUCCESS\" > \"${SCRIPT_OUTPUT_FILE_0}\"\n";
			showEnvVarsInLog = 0;
		};
/* End PBXShellScriptBuildPhase section */

/* Begin PBXSourcesBuildPhase section */
		FF3B7BA0248AC41300E56FDB /* Sources */ = {
			isa = PBXSourcesBuildPhase;
			buildActionMask = 2147483647;
			files = (
				FF361A2F248BC1E100E6DDA6 /* ChartTableViewCell.swift in Sources */,
				FF361A34248BC20B00E6DDA6 /* AchievementsTableViewCell.swift in Sources */,
				FF361A22248BC01400E6DDA6 /* UITableViewCell+Creation.swift in Sources */,
				FFCBB2EA248AD7600026AE7F /* UIViewController+Window.swift in Sources */,
				FFCBB2F3248ADAFA0026AE7F /* AppStartViewController.swift in Sources */,
				FF82E0B8248B799500F693DF /* AppStartErrorViewModel.swift in Sources */,
				FFCBB2FD248ADC180026AE7F /* HomeInteractor.swift in Sources */,
				FFFC5AAF248C13DB00116A4E /* BaseNibView.swift in Sources */,
				FF361A25248BC06700E6DDA6 /* NSObject+Extensions.swift in Sources */,
				FFCBB2EC248AD9220026AE7F /* RouterFactory.swift in Sources */,
				FFCBB2F2248ADAFA0026AE7F /* AppStartPresenter.swift in Sources */,
				FFCBB2FC248ADC180026AE7F /* HomeViewController.swift in Sources */,
				FF3B7BB2248AC41300E56FDB /* MySteps.xcdatamodeld in Sources */,
				FF3B7BA8248AC41300E56FDB /* AppDelegate.swift in Sources */,
				FFCBB2E4248AD6C60026AE7F /* Router.swift in Sources */,
				FF361A2A248BC1BA00E6DDA6 /* UserAvatarTableViewCell.swift in Sources */,
				FF361A3B248BCA2200E6DDA6 /* LPSUser.swift in Sources */,
				FFFC5AB7248C1E5300116A4E /* UserBarViewModel.swift in Sources */,
				FF82E0BF248B7D4B00F693DF /* HealthKitStore.swift in Sources */,
				FF361A3D248BCDC900E6DDA6 /* UserDAO+Extensions.swift in Sources */,
				FF3B7BAA248AC41300E56FDB /* SceneDelegate.swift in Sources */,
				FF361A3F248BD4B400E6DDA6 /* ProvidersFactory.swift in Sources */,
				FFFC5AB3248C165E00116A4E /* UserBarView.swift in Sources */,
				FFCBB2FB248ADC180026AE7F /* HomePresenter.swift in Sources */,
				FFCBB2F4248ADAFA0026AE7F /* AppStartInteractor.swift in Sources */,
				FF361A39248BC8DB00E6DDA6 /* UserProvider.swift in Sources */,
				FF82E0C1248B7DEF00F693DF /* DataLayerFactory.swift in Sources */,
				FF361A1E248BBB6C00E6DDA6 /* UIViewController+Alert.swift in Sources */,
				FFCBB2DF248AD4ED0026AE7F /* Factory.swift in Sources */,
				FF82E0BC248B7BF600F693DF /* LocalPersistentStore.swift in Sources */,
				FFCBB2E1248AD5560026AE7F /* ViewControllersFactory.swift in Sources */,
				FF361A1C248BB8DF00E6DDA6 /* String+Localization.swift in Sources */,
			);
			runOnlyForDeploymentPostprocessing = 0;
		};
/* End PBXSourcesBuildPhase section */

/* Begin PBXVariantGroup section */
		FF361A11248BAE2A00E6DDA6 /* Localizable.strings */ = {
			isa = PBXVariantGroup;
			children = (
				FF361A10248BAE2A00E6DDA6 /* en */,
				FF361A15248BAE5900E6DDA6 /* ru */,
			);
			name = Localizable.strings;
			sourceTree = "<group>";
		};
		FF361A14248BAE2D00E6DDA6 /* InfoPlist.strings */ = {
			isa = PBXVariantGroup;
			children = (
				FF361A13248BAE2D00E6DDA6 /* en */,
				FF361A16248BAE5900E6DDA6 /* ru */,
			);
			name = InfoPlist.strings;
			sourceTree = "<group>";
		};
		FF3B7BB5248AC41400E56FDB /* LaunchScreen.storyboard */ = {
			isa = PBXVariantGroup;
			children = (
				FF3B7BB6248AC41400E56FDB /* Base */,
			);
			name = LaunchScreen.storyboard;
			sourceTree = "<group>";
		};
/* End PBXVariantGroup section */

/* Begin XCBuildConfiguration section */
		FF3B7BB9248AC41400E56FDB /* Debug */ = {
			isa = XCBuildConfiguration;
			buildSettings = {
				ALWAYS_SEARCH_USER_PATHS = NO;
				CLANG_ANALYZER_LOCALIZABILITY_NONLOCALIZED = YES;
				CLANG_ANALYZER_NONNULL = YES;
				CLANG_ANALYZER_NUMBER_OBJECT_CONVERSION = YES_AGGRESSIVE;
				CLANG_CXX_LANGUAGE_STANDARD = "gnu++14";
				CLANG_CXX_LIBRARY = "libc++";
				CLANG_ENABLE_MODULES = YES;
				CLANG_ENABLE_OBJC_ARC = YES;
				CLANG_ENABLE_OBJC_WEAK = YES;
				CLANG_WARN_BLOCK_CAPTURE_AUTORELEASING = YES;
				CLANG_WARN_BOOL_CONVERSION = YES;
				CLANG_WARN_COMMA = YES;
				CLANG_WARN_CONSTANT_CONVERSION = YES;
				CLANG_WARN_DEPRECATED_OBJC_IMPLEMENTATIONS = YES;
				CLANG_WARN_DIRECT_OBJC_ISA_USAGE = YES_ERROR;
				CLANG_WARN_DOCUMENTATION_COMMENTS = YES;
				CLANG_WARN_EMPTY_BODY = YES;
				CLANG_WARN_ENUM_CONVERSION = YES;
				CLANG_WARN_INFINITE_RECURSION = YES;
				CLANG_WARN_INT_CONVERSION = YES;
				CLANG_WARN_NON_LITERAL_NULL_CONVERSION = YES;
				CLANG_WARN_OBJC_IMPLICIT_RETAIN_SELF = YES;
				CLANG_WARN_OBJC_LITERAL_CONVERSION = YES;
				CLANG_WARN_OBJC_ROOT_CLASS = YES_ERROR;
				CLANG_WARN_RANGE_LOOP_ANALYSIS = YES;
				CLANG_WARN_STRICT_PROTOTYPES = YES;
				CLANG_WARN_SUSPICIOUS_MOVE = YES;
				CLANG_WARN_UNGUARDED_AVAILABILITY = YES_AGGRESSIVE;
				CLANG_WARN_UNREACHABLE_CODE = YES;
				CLANG_WARN__DUPLICATE_METHOD_MATCH = YES;
				COPY_PHASE_STRIP = NO;
				DEBUG_INFORMATION_FORMAT = dwarf;
				ENABLE_STRICT_OBJC_MSGSEND = YES;
				ENABLE_TESTABILITY = YES;
				GCC_C_LANGUAGE_STANDARD = gnu11;
				GCC_DYNAMIC_NO_PIC = NO;
				GCC_NO_COMMON_BLOCKS = YES;
				GCC_OPTIMIZATION_LEVEL = 0;
				GCC_PREPROCESSOR_DEFINITIONS = (
					"DEBUG=1",
					"$(inherited)",
				);
				GCC_WARN_64_TO_32_BIT_CONVERSION = YES;
				GCC_WARN_ABOUT_RETURN_TYPE = YES_ERROR;
				GCC_WARN_UNDECLARED_SELECTOR = YES;
				GCC_WARN_UNINITIALIZED_AUTOS = YES_AGGRESSIVE;
				GCC_WARN_UNUSED_FUNCTION = YES;
				GCC_WARN_UNUSED_VARIABLE = YES;
				IPHONEOS_DEPLOYMENT_TARGET = 13.0;
				MTL_ENABLE_DEBUG_INFO = INCLUDE_SOURCE;
				MTL_FAST_MATH = YES;
				ONLY_ACTIVE_ARCH = YES;
				SDKROOT = iphoneos;
				SWIFT_ACTIVE_COMPILATION_CONDITIONS = DEBUG;
				SWIFT_OPTIMIZATION_LEVEL = "-Onone";
			};
			name = Debug;
		};
		FF3B7BBA248AC41400E56FDB /* Release */ = {
			isa = XCBuildConfiguration;
			buildSettings = {
				ALWAYS_SEARCH_USER_PATHS = NO;
				CLANG_ANALYZER_LOCALIZABILITY_NONLOCALIZED = YES;
				CLANG_ANALYZER_NONNULL = YES;
				CLANG_ANALYZER_NUMBER_OBJECT_CONVERSION = YES_AGGRESSIVE;
				CLANG_CXX_LANGUAGE_STANDARD = "gnu++14";
				CLANG_CXX_LIBRARY = "libc++";
				CLANG_ENABLE_MODULES = YES;
				CLANG_ENABLE_OBJC_ARC = YES;
				CLANG_ENABLE_OBJC_WEAK = YES;
				CLANG_WARN_BLOCK_CAPTURE_AUTORELEASING = YES;
				CLANG_WARN_BOOL_CONVERSION = YES;
				CLANG_WARN_COMMA = YES;
				CLANG_WARN_CONSTANT_CONVERSION = YES;
				CLANG_WARN_DEPRECATED_OBJC_IMPLEMENTATIONS = YES;
				CLANG_WARN_DIRECT_OBJC_ISA_USAGE = YES_ERROR;
				CLANG_WARN_DOCUMENTATION_COMMENTS = YES;
				CLANG_WARN_EMPTY_BODY = YES;
				CLANG_WARN_ENUM_CONVERSION = YES;
				CLANG_WARN_INFINITE_RECURSION = YES;
				CLANG_WARN_INT_CONVERSION = YES;
				CLANG_WARN_NON_LITERAL_NULL_CONVERSION = YES;
				CLANG_WARN_OBJC_IMPLICIT_RETAIN_SELF = YES;
				CLANG_WARN_OBJC_LITERAL_CONVERSION = YES;
				CLANG_WARN_OBJC_ROOT_CLASS = YES_ERROR;
				CLANG_WARN_RANGE_LOOP_ANALYSIS = YES;
				CLANG_WARN_STRICT_PROTOTYPES = YES;
				CLANG_WARN_SUSPICIOUS_MOVE = YES;
				CLANG_WARN_UNGUARDED_AVAILABILITY = YES_AGGRESSIVE;
				CLANG_WARN_UNREACHABLE_CODE = YES;
				CLANG_WARN__DUPLICATE_METHOD_MATCH = YES;
				COPY_PHASE_STRIP = NO;
				DEBUG_INFORMATION_FORMAT = "dwarf-with-dsym";
				ENABLE_NS_ASSERTIONS = NO;
				ENABLE_STRICT_OBJC_MSGSEND = YES;
				GCC_C_LANGUAGE_STANDARD = gnu11;
				GCC_NO_COMMON_BLOCKS = YES;
				GCC_WARN_64_TO_32_BIT_CONVERSION = YES;
				GCC_WARN_ABOUT_RETURN_TYPE = YES_ERROR;
				GCC_WARN_UNDECLARED_SELECTOR = YES;
				GCC_WARN_UNINITIALIZED_AUTOS = YES_AGGRESSIVE;
				GCC_WARN_UNUSED_FUNCTION = YES;
				GCC_WARN_UNUSED_VARIABLE = YES;
				IPHONEOS_DEPLOYMENT_TARGET = 13.0;
				MTL_ENABLE_DEBUG_INFO = NO;
				MTL_FAST_MATH = YES;
				SDKROOT = iphoneos;
				SWIFT_COMPILATION_MODE = wholemodule;
				SWIFT_OPTIMIZATION_LEVEL = "-O";
				VALIDATE_PRODUCT = YES;
			};
			name = Release;
		};
		FF3B7BBC248AC41500E56FDB /* Debug */ = {
			isa = XCBuildConfiguration;
			baseConfigurationReference = 9782C5A795F7269FF0A7C304 /* Pods-MySteps.debug.xcconfig */;
			buildSettings = {
				ASSETCATALOG_COMPILER_APPICON_NAME = AppIcon;
				CODE_SIGN_ENTITLEMENTS = MySteps/SupportingFiles/MySteps.entitlements;
				CODE_SIGN_STYLE = Automatic;
				DEVELOPMENT_TEAM = 98W2A74UW7;
				INFOPLIST_FILE = "$(SRCROOT)/MySteps/SupportingFiles/Info.plist";
				LD_RUNPATH_SEARCH_PATHS = (
					"$(inherited)",
					"@executable_path/Frameworks",
				);
				PRODUCT_BUNDLE_IDENTIFIER = "com.ati-soft.MySteps";
				PRODUCT_NAME = "$(TARGET_NAME)";
				SWIFT_VERSION = 5.0;
				TARGETED_DEVICE_FAMILY = 1;
			};
			name = Debug;
		};
		FF3B7BBD248AC41500E56FDB /* Release */ = {
			isa = XCBuildConfiguration;
			baseConfigurationReference = 6EB0ACBA72ACB077EA9C6DB5 /* Pods-MySteps.release.xcconfig */;
			buildSettings = {
				ASSETCATALOG_COMPILER_APPICON_NAME = AppIcon;
				CODE_SIGN_ENTITLEMENTS = MySteps/SupportingFiles/MySteps.entitlements;
				CODE_SIGN_STYLE = Automatic;
				DEVELOPMENT_TEAM = 98W2A74UW7;
				INFOPLIST_FILE = "$(SRCROOT)/MySteps/SupportingFiles/Info.plist";
				LD_RUNPATH_SEARCH_PATHS = (
					"$(inherited)",
					"@executable_path/Frameworks",
				);
				PRODUCT_BUNDLE_IDENTIFIER = "com.ati-soft.MySteps";
				PRODUCT_NAME = "$(TARGET_NAME)";
				SWIFT_VERSION = 5.0;
				TARGETED_DEVICE_FAMILY = 1;
			};
			name = Release;
		};
/* End XCBuildConfiguration section */

/* Begin XCConfigurationList section */
		FF3B7B9F248AC41300E56FDB /* Build configuration list for PBXProject "MySteps" */ = {
			isa = XCConfigurationList;
			buildConfigurations = (
				FF3B7BB9248AC41400E56FDB /* Debug */,
				FF3B7BBA248AC41400E56FDB /* Release */,
			);
			defaultConfigurationIsVisible = 0;
			defaultConfigurationName = Release;
		};
		FF3B7BBB248AC41500E56FDB /* Build configuration list for PBXNativeTarget "MySteps" */ = {
			isa = XCConfigurationList;
			buildConfigurations = (
				FF3B7BBC248AC41500E56FDB /* Debug */,
				FF3B7BBD248AC41500E56FDB /* Release */,
			);
			defaultConfigurationIsVisible = 0;
			defaultConfigurationName = Release;
		};
/* End XCConfigurationList section */

/* Begin XCVersionGroup section */
		FF3B7BB0248AC41300E56FDB /* MySteps.xcdatamodeld */ = {
			isa = XCVersionGroup;
			children = (
				FF3B7BB1248AC41300E56FDB /* MySteps.xcdatamodel */,
			);
			currentVersion = FF3B7BB1248AC41300E56FDB /* MySteps.xcdatamodel */;
			path = MySteps.xcdatamodeld;
			sourceTree = "<group>";
			versionGroupType = wrapper.xcdatamodel;
		};
/* End XCVersionGroup section */
	};
	rootObject = FF3B7B9C248AC41300E56FDB /* Project object */;
}
